
Microsoft Visual Studio Solution File, Format Version 12.00
# Visual Studio 14
VisualStudioVersion = 14.0.24720.0
MinimumVisualStudioVersion = 10.0.40219.1
Project("{FAE04EC0-301F-11D3-BF4B-00C04F79EFBC}") = "ex01-InstructionSet", "ex01-InstructionSet\ex01-InstructionSet.csproj", "{3CDE476F-3732-4D1C-A01E-075FADF9BA0F}"
EndProject
Project("{FAE04EC0-301F-11D3-BF4B-00C04F79EFBC}") = "ex02-BePositive", "ex02-BePositive\ex02-BePositive.csproj", "{3487065C-903B-4D28-9E2A-821F4E7CFAB9}"
EndProject
Project("{FAE04EC0-301F-11D3-BF4B-00C04F79EFBC}") = "ex03-SequenceOfCommands", "ex03-SequenceOfCommands\ex03-SequenceOfCommands.csproj", "{04810CA6-CDFF-4EDE-9CE7-5B22AEA82BD5}"
EndProject
Project("{FAE04EC0-301F-11D3-BF4B-00C04F79EFBC}") = "ex04-Substring", "ex04-Substring\ex04-Substring.csproj", "{19D819DB-558C-479C-A90E-442992B95851}"
EndProject
Global
	GlobalSection(SolutionConfigurationPlatforms) = preSolution
		Debug|Any CPU = Debug|Any CPU
		Release|Any CPU = Release|Any CPU
	EndGlobalSection
	GlobalSection(ProjectConfigurationPlatforms) = postSolution
		{3CDE476F-3732-4D1C-A01E-075FADF9BA0F}.Debug|Any CPU.ActiveCfg = Debug|Any CPU
		{3CDE476F-3732-4D1C-A01E-075FADF9BA0F}.Debug|Any CPU.Build.0 = Debug|Any CPU
		{3CDE476F-3732-4D1C-A01E-075FADF9BA0F}.Release|Any CPU.ActiveCfg = Release|Any CPU
		{3CDE476F-3732-4D1C-A01E-075FADF9BA0F}.Release|Any CPU.Build.0 = Release|Any CPU
		{3487065C-903B-4D28-9E2A-821F4E7CFAB9}.Debug|Any CPU.ActiveCfg = Debug|Any CPU
		{3487065C-903B-4D28-9E2A-821F4E7CFAB9}.Debug|Any CPU.Build.0 = Debug|Any CPU
		{3487065C-903B-4D28-9E2A-821F4E7CFAB9}.Release|Any CPU.ActiveCfg = Release|Any CPU
		{3487065C-903B-4D28-9E2A-821F4E7CFAB9}.Release|Any CPU.Build.0 = Release|Any CPU
		{04810CA6-CDFF-4EDE-9CE7-5B22AEA82BD5}.Debug|Any CPU.ActiveCfg = Debug|Any CPU
		{04810CA6-CDFF-4EDE-9CE7-5B22AEA82BD5}.Debug|Any CPU.Build.0 = Debug|Any CPU
		{04810CA6-CDFF-4EDE-9CE7-5B22AEA82BD5}.Release|Any CPU.ActiveCfg = Release|Any CPU
		{04810CA6-CDFF-4EDE-9CE7-5B22AEA82BD5}.Release|Any CPU.Build.0 = Release|Any CPU
		{19D819DB-558C-479C-A90E-442992B95851}.Debug|Any CPU.ActiveCfg = Debug|Any CPU
		{19D819DB-558C-479C-A90E-442992B95851}.Debug|Any CPU.Build.0 = Debug|Any CPU
		{19D819DB-558C-479C-A90E-442992B95851}.Release|Any CPU.ActiveCfg = Release|Any CPU
		{19D819DB-558C-479C-A90E-442992B95851}.Release|Any CPU.Build.0 = Release|Any CPU
	EndGlobalSection
	GlobalSection(SolutionProperties) = preSolution
		HideSolutionNode = FALSE
	EndGlobalSection
EndGlobal
