
Microsoft Visual Studio Solution File, Format Version 12.00
# Visual Studio 14
VisualStudioVersion = 14.0.25420.1
MinimumVisualStudioVersion = 10.0.40219.1
Project("{FAE04EC0-301F-11D3-BF4B-00C04F79EFBC}") = "ex01-Phonebook", "ex01-Phonebook\ex01-Phonebook.csproj", "{3AF85313-D3D8-4E69-9B7D-9E0A4F974B62}"
EndProject
Project("{FAE04EC0-301F-11D3-BF4B-00C04F79EFBC}") = "ex02-PhonebookUpgrade", "ex02-PhonebookUpgrade\ex02-PhonebookUpgrade.csproj", "{90462A43-5B95-48CA-B971-1A36B0C4B349}"
EndProject
Project("{FAE04EC0-301F-11D3-BF4B-00C04F79EFBC}") = "ex03-AMinerTask", "ex03-AMinerTask\ex03-AMinerTask.csproj", "{639DFFBA-74A4-4D67-A109-12467579E876}"
EndProject
Project("{FAE04EC0-301F-11D3-BF4B-00C04F79EFBC}") = "ex05-HandsOfCards", "ex05-HandsOfCards\ex05-HandsOfCards.csproj", "{108774C6-AE34-4BF8-9E1B-DE27E6CC41DC}"
EndProject
Project("{FAE04EC0-301F-11D3-BF4B-00C04F79EFBC}") = "ex04-FixEmails", "ex04-FixEmails\ex04-FixEmails.csproj", "{927A32EC-078A-45EC-8CF5-E8DF2ECEE9CA}"
EndProject
Project("{FAE04EC0-301F-11D3-BF4B-00C04F79EFBC}") = "ex99-HandsOfCards", "ex99-HandsOfCards\ex99-HandsOfCards.csproj", "{211E4EAB-8868-4C86-83AC-DE322BE06C9A}"
EndProject
Project("{FAE04EC0-301F-11D3-BF4B-00C04F79EFBC}") = "ex06-UserLogs", "ex06-userLogs\ex06-UserLogs.csproj", "{5495A938-5B6B-4651-AEC9-E430CDD3BA81}"
EndProject
Project("{FAE04EC0-301F-11D3-BF4B-00C04F79EFBC}") = "ex07-PopulationCounter", "ex07-PopulationCounter\ex07-PopulationCounter.csproj", "{4E4BB19E-8561-44AA-8E33-6721915DE612}"
EndProject
Project("{FAE04EC0-301F-11D3-BF4B-00C04F79EFBC}") = "ex98-PopulationCounter", "ex98-PopulationCounter\ex98-PopulationCounter.csproj", "{22E69855-1347-4E20-A82C-407C51BA7CF8}"
EndProject
Project("{FAE04EC0-301F-11D3-BF4B-00C04F79EFBC}") = "ex08-LogsAggregator", "ex08-LogsAggregator\ex08-LogsAggregator.csproj", "{CBEB957F-DE02-4AF2-83FD-8E4CBDB2BA5B}"
EndProject
Global
	GlobalSection(SolutionConfigurationPlatforms) = preSolution
		Debug|Any CPU = Debug|Any CPU
		Release|Any CPU = Release|Any CPU
	EndGlobalSection
	GlobalSection(ProjectConfigurationPlatforms) = postSolution
		{3AF85313-D3D8-4E69-9B7D-9E0A4F974B62}.Debug|Any CPU.ActiveCfg = Debug|Any CPU
		{3AF85313-D3D8-4E69-9B7D-9E0A4F974B62}.Debug|Any CPU.Build.0 = Debug|Any CPU
		{3AF85313-D3D8-4E69-9B7D-9E0A4F974B62}.Release|Any CPU.ActiveCfg = Release|Any CPU
		{3AF85313-D3D8-4E69-9B7D-9E0A4F974B62}.Release|Any CPU.Build.0 = Release|Any CPU
		{90462A43-5B95-48CA-B971-1A36B0C4B349}.Debug|Any CPU.ActiveCfg = Debug|Any CPU
		{90462A43-5B95-48CA-B971-1A36B0C4B349}.Debug|Any CPU.Build.0 = Debug|Any CPU
		{90462A43-5B95-48CA-B971-1A36B0C4B349}.Release|Any CPU.ActiveCfg = Release|Any CPU
		{90462A43-5B95-48CA-B971-1A36B0C4B349}.Release|Any CPU.Build.0 = Release|Any CPU
		{639DFFBA-74A4-4D67-A109-12467579E876}.Debug|Any CPU.ActiveCfg = Debug|Any CPU
		{639DFFBA-74A4-4D67-A109-12467579E876}.Debug|Any CPU.Build.0 = Debug|Any CPU
		{639DFFBA-74A4-4D67-A109-12467579E876}.Release|Any CPU.ActiveCfg = Release|Any CPU
		{639DFFBA-74A4-4D67-A109-12467579E876}.Release|Any CPU.Build.0 = Release|Any CPU
		{108774C6-AE34-4BF8-9E1B-DE27E6CC41DC}.Debug|Any CPU.ActiveCfg = Debug|Any CPU
		{108774C6-AE34-4BF8-9E1B-DE27E6CC41DC}.Debug|Any CPU.Build.0 = Debug|Any CPU
		{108774C6-AE34-4BF8-9E1B-DE27E6CC41DC}.Release|Any CPU.ActiveCfg = Release|Any CPU
		{108774C6-AE34-4BF8-9E1B-DE27E6CC41DC}.Release|Any CPU.Build.0 = Release|Any CPU
		{927A32EC-078A-45EC-8CF5-E8DF2ECEE9CA}.Debug|Any CPU.ActiveCfg = Debug|Any CPU
		{927A32EC-078A-45EC-8CF5-E8DF2ECEE9CA}.Debug|Any CPU.Build.0 = Debug|Any CPU
		{927A32EC-078A-45EC-8CF5-E8DF2ECEE9CA}.Release|Any CPU.ActiveCfg = Release|Any CPU
		{927A32EC-078A-45EC-8CF5-E8DF2ECEE9CA}.Release|Any CPU.Build.0 = Release|Any CPU
		{211E4EAB-8868-4C86-83AC-DE322BE06C9A}.Debug|Any CPU.ActiveCfg = Debug|Any CPU
		{211E4EAB-8868-4C86-83AC-DE322BE06C9A}.Debug|Any CPU.Build.0 = Debug|Any CPU
		{211E4EAB-8868-4C86-83AC-DE322BE06C9A}.Release|Any CPU.ActiveCfg = Release|Any CPU
		{211E4EAB-8868-4C86-83AC-DE322BE06C9A}.Release|Any CPU.Build.0 = Release|Any CPU
		{5495A938-5B6B-4651-AEC9-E430CDD3BA81}.Debug|Any CPU.ActiveCfg = Debug|Any CPU
		{5495A938-5B6B-4651-AEC9-E430CDD3BA81}.Debug|Any CPU.Build.0 = Debug|Any CPU
		{5495A938-5B6B-4651-AEC9-E430CDD3BA81}.Release|Any CPU.ActiveCfg = Release|Any CPU
		{5495A938-5B6B-4651-AEC9-E430CDD3BA81}.Release|Any CPU.Build.0 = Release|Any CPU
		{4E4BB19E-8561-44AA-8E33-6721915DE612}.Debug|Any CPU.ActiveCfg = Debug|Any CPU
		{4E4BB19E-8561-44AA-8E33-6721915DE612}.Debug|Any CPU.Build.0 = Debug|Any CPU
		{4E4BB19E-8561-44AA-8E33-6721915DE612}.Release|Any CPU.ActiveCfg = Release|Any CPU
		{4E4BB19E-8561-44AA-8E33-6721915DE612}.Release|Any CPU.Build.0 = Release|Any CPU
		{22E69855-1347-4E20-A82C-407C51BA7CF8}.Debug|Any CPU.ActiveCfg = Debug|Any CPU
		{22E69855-1347-4E20-A82C-407C51BA7CF8}.Debug|Any CPU.Build.0 = Debug|Any CPU
		{22E69855-1347-4E20-A82C-407C51BA7CF8}.Release|Any CPU.ActiveCfg = Release|Any CPU
		{22E69855-1347-4E20-A82C-407C51BA7CF8}.Release|Any CPU.Build.0 = Release|Any CPU
		{CBEB957F-DE02-4AF2-83FD-8E4CBDB2BA5B}.Debug|Any CPU.ActiveCfg = Debug|Any CPU
		{CBEB957F-DE02-4AF2-83FD-8E4CBDB2BA5B}.Debug|Any CPU.Build.0 = Debug|Any CPU
		{CBEB957F-DE02-4AF2-83FD-8E4CBDB2BA5B}.Release|Any CPU.ActiveCfg = Release|Any CPU
		{CBEB957F-DE02-4AF2-83FD-8E4CBDB2BA5B}.Release|Any CPU.Build.0 = Release|Any CPU
	EndGlobalSection
	GlobalSection(SolutionProperties) = preSolution
		HideSolutionNode = FALSE
	EndGlobalSection
EndGlobal
